
Microsoft Visual Studio Solution File, Format Version 12.00
# Visual Studio 15
VisualStudioVersion = 15.0.27130.2036
MinimumVisualStudioVersion = 10.0.40219.1
Project("{2150E333-8FDC-42A3-9474-1A3956D46DE8}") = "Plugin", "Plugin", "{2CB4010C-8053-4948-8D11-E1AEFBBCD2AB}"
	ProjectSection(SolutionItems) = preProject
		README.md = README.md
	EndProjectSection
EndProject
Project("{2150E333-8FDC-42A3-9474-1A3956D46DE8}") = "Sample", "Sample", "{FA6DC839-C434-41D4-995B-DC9367E51765}"
EndProject
Project("{2150E333-8FDC-42A3-9474-1A3956D46DE8}") = "DependencyService", "DependencyService", "{C6563FCC-C2A2-47B3-9F23-F00F99401F3B}"
EndProject
Project("{2150E333-8FDC-42A3-9474-1A3956D46DE8}") = "Solution Items", "Solution Items", "{34A1B0B6-77FF-4FE2-86B5-BC860584D07A}"
	ProjectSection(SolutionItems) = preProject
		NugetPack.bat = NugetPack.bat
		XamarinFormsContacts.nuspec = XamarinFormsContacts.nuspec
	EndProjectSection
EndProject
Project("{9A19103F-16F7-4668-BE54-9A1E7A4F7556}") = "ContactService", "Plugin\ContactService\ContactService.csproj", "{DB5AB1D1-4F03-408C-BEC6-A64D3677F7BB}"
EndProject
Project("{FAE04EC0-301F-11D3-BF4B-00C04F79EFBC}") = "Sample.ContactService.Android", "Sample.ContactService\Sample.ContactService.Android\Sample.ContactService.Android.csproj", "{0234D589-E19E-4053-B6BC-ADB2D3B7EEE7}"
EndProject
Project("{FAE04EC0-301F-11D3-BF4B-00C04F79EFBC}") = "Sample.ContactService.iOS", "Sample.ContactService\Sample.ContactService.iOS\Sample.ContactService.iOS.csproj", "{4C3998B3-91B2-444D-BBB8-F23C7772CD70}"
EndProject
Project("{9A19103F-16F7-4668-BE54-9A1E7A4F7556}") = "Sample.ContactService", "Sample.ContactService\Sample.ContactService\Sample.ContactService.csproj", "{A0D230FC-801C-49CB-865C-158C4D36EBC8}"
EndProject
Project("{FAE04EC0-301F-11D3-BF4B-00C04F79EFBC}") = "DependencyService.ContactService.Android", "DependencyService.ContactService\DependencyService.ContactService.Android\DependencyService.ContactService.Android.csproj", "{245D00F3-C58D-42E4-A288-3A893E3E46F9}"
EndProject
Project("{FAE04EC0-301F-11D3-BF4B-00C04F79EFBC}") = "DependencyService.ContactService.iOS", "DependencyService.ContactService\DependencyService.ContactService.iOS\DependencyService.ContactService.iOS.csproj", "{1DA06E31-58BA-4101-9D2E-C6599D8BED0F}"
EndProject
Project("{FAE04EC0-301F-11D3-BF4B-00C04F79EFBC}") = "DependencyService.ContactService", "DependencyService.ContactService\DependencyService.ContactService\DependencyService.ContactService.csproj", "{3ADCE5DE-E5BF-461A-8E35-683F81DF83AE}"
EndProject
Global
	GlobalSection(SolutionConfigurationPlatforms) = preSolution
		Ad-Hoc|Any CPU = Ad-Hoc|Any CPU
		Ad-Hoc|iPhone = Ad-Hoc|iPhone
		Ad-Hoc|iPhoneSimulator = Ad-Hoc|iPhoneSimulator
		AppStore|Any CPU = AppStore|Any CPU
		AppStore|iPhone = AppStore|iPhone
		AppStore|iPhoneSimulator = AppStore|iPhoneSimulator
		Debug|Any CPU = Debug|Any CPU
		Debug|iPhone = Debug|iPhone
		Debug|iPhoneSimulator = Debug|iPhoneSimulator
		Release|Any CPU = Release|Any CPU
		Release|iPhone = Release|iPhone
		Release|iPhoneSimulator = Release|iPhoneSimulator
	EndGlobalSection
	GlobalSection(ProjectConfigurationPlatforms) = postSolution
		{DB5AB1D1-4F03-408C-BEC6-A64D3677F7BB}.Ad-Hoc|Any CPU.ActiveCfg = Debug|Any CPU
		{DB5AB1D1-4F03-408C-BEC6-A64D3677F7BB}.Ad-Hoc|Any CPU.Build.0 = Debug|Any CPU
		{DB5AB1D1-4F03-408C-BEC6-A64D3677F7BB}.Ad-Hoc|iPhone.ActiveCfg = Debug|Any CPU
		{DB5AB1D1-4F03-408C-BEC6-A64D3677F7BB}.Ad-Hoc|iPhone.Build.0 = Debug|Any CPU
		{DB5AB1D1-4F03-408C-BEC6-A64D3677F7BB}.Ad-Hoc|iPhoneSimulator.ActiveCfg = Debug|Any CPU
		{DB5AB1D1-4F03-408C-BEC6-A64D3677F7BB}.Ad-Hoc|iPhoneSimulator.Build.0 = Debug|Any CPU
		{DB5AB1D1-4F03-408C-BEC6-A64D3677F7BB}.AppStore|Any CPU.ActiveCfg = Debug|Any CPU
		{DB5AB1D1-4F03-408C-BEC6-A64D3677F7BB}.AppStore|Any CPU.Build.0 = Debug|Any CPU
		{DB5AB1D1-4F03-408C-BEC6-A64D3677F7BB}.AppStore|iPhone.ActiveCfg = Debug|Any CPU
		{DB5AB1D1-4F03-408C-BEC6-A64D3677F7BB}.AppStore|iPhone.Build.0 = Debug|Any CPU
		{DB5AB1D1-4F03-408C-BEC6-A64D3677F7BB}.AppStore|iPhoneSimulator.ActiveCfg = Debug|Any CPU
		{DB5AB1D1-4F03-408C-BEC6-A64D3677F7BB}.AppStore|iPhoneSimulator.Build.0 = Debug|Any CPU
		{DB5AB1D1-4F03-408C-BEC6-A64D3677F7BB}.Debug|Any CPU.ActiveCfg = Debug|Any CPU
		{DB5AB1D1-4F03-408C-BEC6-A64D3677F7BB}.Debug|Any CPU.Build.0 = Debug|Any CPU
		{DB5AB1D1-4F03-408C-BEC6-A64D3677F7BB}.Debug|iPhone.ActiveCfg = Debug|Any CPU
		{DB5AB1D1-4F03-408C-BEC6-A64D3677F7BB}.Debug|iPhone.Build.0 = Debug|Any CPU
		{DB5AB1D1-4F03-408C-BEC6-A64D3677F7BB}.Debug|iPhoneSimulator.ActiveCfg = Debug|Any CPU
		{DB5AB1D1-4F03-408C-BEC6-A64D3677F7BB}.Debug|iPhoneSimulator.Build.0 = Debug|Any CPU
		{DB5AB1D1-4F03-408C-BEC6-A64D3677F7BB}.Release|Any CPU.ActiveCfg = Release|Any CPU
		{DB5AB1D1-4F03-408C-BEC6-A64D3677F7BB}.Release|Any CPU.Build.0 = Release|Any CPU
		{DB5AB1D1-4F03-408C-BEC6-A64D3677F7BB}.Release|iPhone.ActiveCfg = Release|Any CPU
		{DB5AB1D1-4F03-408C-BEC6-A64D3677F7BB}.Release|iPhone.Build.0 = Release|Any CPU
		{DB5AB1D1-4F03-408C-BEC6-A64D3677F7BB}.Release|iPhoneSimulator.ActiveCfg = Release|Any CPU
		{DB5AB1D1-4F03-408C-BEC6-A64D3677F7BB}.Release|iPhoneSimulator.Build.0 = Release|Any CPU
		{0234D589-E19E-4053-B6BC-ADB2D3B7EEE7}.Ad-Hoc|Any CPU.ActiveCfg = Release|Any CPU
		{0234D589-E19E-4053-B6BC-ADB2D3B7EEE7}.Ad-Hoc|Any CPU.Build.0 = Release|Any CPU
		{0234D589-E19E-4053-B6BC-ADB2D3B7EEE7}.Ad-Hoc|Any CPU.Deploy.0 = Release|Any CPU
		{0234D589-E19E-4053-B6BC-ADB2D3B7EEE7}.Ad-Hoc|iPhone.ActiveCfg = Release|Any CPU
		{0234D589-E19E-4053-B6BC-ADB2D3B7EEE7}.Ad-Hoc|iPhone.Build.0 = Release|Any CPU
		{0234D589-E19E-4053-B6BC-ADB2D3B7EEE7}.Ad-Hoc|iPhone.Deploy.0 = Release|Any CPU
		{0234D589-E19E-4053-B6BC-ADB2D3B7EEE7}.Ad-Hoc|iPhoneSimulator.ActiveCfg = Release|Any CPU
		{0234D589-E19E-4053-B6BC-ADB2D3B7EEE7}.Ad-Hoc|iPhoneSimulator.Build.0 = Release|Any CPU
		{0234D589-E19E-4053-B6BC-ADB2D3B7EEE7}.Ad-Hoc|iPhoneSimulator.Deploy.0 = Release|Any CPU
		{0234D589-E19E-4053-B6BC-ADB2D3B7EEE7}.AppStore|Any CPU.ActiveCfg = Release|Any CPU
		{0234D589-E19E-4053-B6BC-ADB2D3B7EEE7}.AppStore|Any CPU.Build.0 = Release|Any CPU
		{0234D589-E19E-4053-B6BC-ADB2D3B7EEE7}.AppStore|Any CPU.Deploy.0 = Release|Any CPU
		{0234D589-E19E-4053-B6BC-ADB2D3B7EEE7}.AppStore|iPhone.ActiveCfg = Release|Any CPU
		{0234D589-E19E-4053-B6BC-ADB2D3B7EEE7}.AppStore|iPhone.Build.0 = Release|Any CPU
		{0234D589-E19E-4053-B6BC-ADB2D3B7EEE7}.AppStore|iPhone.Deploy.0 = Release|Any CPU
		{0234D589-E19E-4053-B6BC-ADB2D3B7EEE7}.AppStore|iPhoneSimulator.ActiveCfg = Release|Any CPU
		{0234D589-E19E-4053-B6BC-ADB2D3B7EEE7}.AppStore|iPhoneSimulator.Build.0 = Release|Any CPU
		{0234D589-E19E-4053-B6BC-ADB2D3B7EEE7}.AppStore|iPhoneSimulator.Deploy.0 = Release|Any CPU
		{0234D589-E19E-4053-B6BC-ADB2D3B7EEE7}.Debug|Any CPU.ActiveCfg = Debug|Any CPU
		{0234D589-E19E-4053-B6BC-ADB2D3B7EEE7}.Debug|Any CPU.Build.0 = Debug|Any CPU
		{0234D589-E19E-4053-B6BC-ADB2D3B7EEE7}.Debug|Any CPU.Deploy.0 = Debug|Any CPU
		{0234D589-E19E-4053-B6BC-ADB2D3B7EEE7}.Debug|iPhone.ActiveCfg = Debug|Any CPU
		{0234D589-E19E-4053-B6BC-ADB2D3B7EEE7}.Debug|iPhone.Build.0 = Debug|Any CPU
		{0234D589-E19E-4053-B6BC-ADB2D3B7EEE7}.Debug|iPhone.Deploy.0 = Debug|Any CPU
		{0234D589-E19E-4053-B6BC-ADB2D3B7EEE7}.Debug|iPhoneSimulator.ActiveCfg = Debug|Any CPU
		{0234D589-E19E-4053-B6BC-ADB2D3B7EEE7}.Debug|iPhoneSimulator.Build.0 = Debug|Any CPU
		{0234D589-E19E-4053-B6BC-ADB2D3B7EEE7}.Debug|iPhoneSimulator.Deploy.0 = Debug|Any CPU
		{0234D589-E19E-4053-B6BC-ADB2D3B7EEE7}.Release|Any CPU.ActiveCfg = Release|Any CPU
		{0234D589-E19E-4053-B6BC-ADB2D3B7EEE7}.Release|Any CPU.Build.0 = Release|Any CPU
		{0234D589-E19E-4053-B6BC-ADB2D3B7EEE7}.Release|Any CPU.Deploy.0 = Release|Any CPU
		{0234D589-E19E-4053-B6BC-ADB2D3B7EEE7}.Release|iPhone.ActiveCfg = Release|Any CPU
		{0234D589-E19E-4053-B6BC-ADB2D3B7EEE7}.Release|iPhone.Build.0 = Release|Any CPU
		{0234D589-E19E-4053-B6BC-ADB2D3B7EEE7}.Release|iPhone.Deploy.0 = Release|Any CPU
		{0234D589-E19E-4053-B6BC-ADB2D3B7EEE7}.Release|iPhoneSimulator.ActiveCfg = Release|Any CPU
		{0234D589-E19E-4053-B6BC-ADB2D3B7EEE7}.Release|iPhoneSimulator.Build.0 = Release|Any CPU
		{0234D589-E19E-4053-B6BC-ADB2D3B7EEE7}.Release|iPhoneSimulator.Deploy.0 = Release|Any CPU
		{4C3998B3-91B2-444D-BBB8-F23C7772CD70}.Ad-Hoc|Any CPU.ActiveCfg = Ad-Hoc|iPhone
		{4C3998B3-91B2-444D-BBB8-F23C7772CD70}.Ad-Hoc|iPhone.ActiveCfg = Ad-Hoc|iPhone
		{4C3998B3-91B2-444D-BBB8-F23C7772CD70}.Ad-Hoc|iPhone.Build.0 = Ad-Hoc|iPhone
		{4C3998B3-91B2-444D-BBB8-F23C7772CD70}.Ad-Hoc|iPhoneSimulator.ActiveCfg = Ad-Hoc|iPhoneSimulator
		{4C3998B3-91B2-444D-BBB8-F23C7772CD70}.Ad-Hoc|iPhoneSimulator.Build.0 = Ad-Hoc|iPhoneSimulator
		{4C3998B3-91B2-444D-BBB8-F23C7772CD70}.AppStore|Any CPU.ActiveCfg = AppStore|iPhone
		{4C3998B3-91B2-444D-BBB8-F23C7772CD70}.AppStore|iPhone.ActiveCfg = AppStore|iPhone
		{4C3998B3-91B2-444D-BBB8-F23C7772CD70}.AppStore|iPhone.Build.0 = AppStore|iPhone
		{4C3998B3-91B2-444D-BBB8-F23C7772CD70}.AppStore|iPhoneSimulator.ActiveCfg = AppStore|iPhoneSimulator
		{4C3998B3-91B2-444D-BBB8-F23C7772CD70}.AppStore|iPhoneSimulator.Build.0 = AppStore|iPhoneSimulator
		{4C3998B3-91B2-444D-BBB8-F23C7772CD70}.Debug|Any CPU.ActiveCfg = Debug|iPhone
		{4C3998B3-91B2-444D-BBB8-F23C7772CD70}.Debug|iPhone.ActiveCfg = Debug|iPhone
		{4C3998B3-91B2-444D-BBB8-F23C7772CD70}.Debug|iPhone.Build.0 = Debug|iPhone
		{4C3998B3-91B2-444D-BBB8-F23C7772CD70}.Debug|iPhoneSimulator.ActiveCfg = Debug|iPhoneSimulator
		{4C3998B3-91B2-444D-BBB8-F23C7772CD70}.Debug|iPhoneSimulator.Build.0 = Debug|iPhoneSimulator
		{4C3998B3-91B2-444D-BBB8-F23C7772CD70}.Release|Any CPU.ActiveCfg = Release|iPhone
		{4C3998B3-91B2-444D-BBB8-F23C7772CD70}.Release|iPhone.ActiveCfg = Release|iPhone
		{4C3998B3-91B2-444D-BBB8-F23C7772CD70}.Release|iPhone.Build.0 = Release|iPhone
		{4C3998B3-91B2-444D-BBB8-F23C7772CD70}.Release|iPhoneSimulator.ActiveCfg = Release|iPhoneSimulator
		{4C3998B3-91B2-444D-BBB8-F23C7772CD70}.Release|iPhoneSimulator.Build.0 = Release|iPhoneSimulator
		{A0D230FC-801C-49CB-865C-158C4D36EBC8}.Ad-Hoc|Any CPU.ActiveCfg = Debug|Any CPU
		{A0D230FC-801C-49CB-865C-158C4D36EBC8}.Ad-Hoc|Any CPU.Build.0 = Debug|Any CPU
		{A0D230FC-801C-49CB-865C-158C4D36EBC8}.Ad-Hoc|iPhone.ActiveCfg = Debug|Any CPU
		{A0D230FC-801C-49CB-865C-158C4D36EBC8}.Ad-Hoc|iPhone.Build.0 = Debug|Any CPU
		{A0D230FC-801C-49CB-865C-158C4D36EBC8}.Ad-Hoc|iPhoneSimulator.ActiveCfg = Debug|Any CPU
		{A0D230FC-801C-49CB-865C-158C4D36EBC8}.Ad-Hoc|iPhoneSimulator.Build.0 = Debug|Any CPU
		{A0D230FC-801C-49CB-865C-158C4D36EBC8}.AppStore|Any CPU.ActiveCfg = Debug|Any CPU
		{A0D230FC-801C-49CB-865C-158C4D36EBC8}.AppStore|Any CPU.Build.0 = Debug|Any CPU
		{A0D230FC-801C-49CB-865C-158C4D36EBC8}.AppStore|iPhone.ActiveCfg = Debug|Any CPU
		{A0D230FC-801C-49CB-865C-158C4D36EBC8}.AppStore|iPhone.Build.0 = Debug|Any CPU
		{A0D230FC-801C-49CB-865C-158C4D36EBC8}.AppStore|iPhoneSimulator.ActiveCfg = Debug|Any CPU
		{A0D230FC-801C-49CB-865C-158C4D36EBC8}.AppStore|iPhoneSimulator.Build.0 = Debug|Any CPU
		{A0D230FC-801C-49CB-865C-158C4D36EBC8}.Debug|Any CPU.ActiveCfg = Debug|Any CPU
		{A0D230FC-801C-49CB-865C-158C4D36EBC8}.Debug|Any CPU.Build.0 = Debug|Any CPU
		{A0D230FC-801C-49CB-865C-158C4D36EBC8}.Debug|iPhone.ActiveCfg = Debug|Any CPU
		{A0D230FC-801C-49CB-865C-158C4D36EBC8}.Debug|iPhone.Build.0 = Debug|Any CPU
		{A0D230FC-801C-49CB-865C-158C4D36EBC8}.Debug|iPhoneSimulator.ActiveCfg = Debug|Any CPU
		{A0D230FC-801C-49CB-865C-158C4D36EBC8}.Debug|iPhoneSimulator.Build.0 = Debug|Any CPU
		{A0D230FC-801C-49CB-865C-158C4D36EBC8}.Release|Any CPU.ActiveCfg = Release|Any CPU
		{A0D230FC-801C-49CB-865C-158C4D36EBC8}.Release|Any CPU.Build.0 = Release|Any CPU
		{A0D230FC-801C-49CB-865C-158C4D36EBC8}.Release|iPhone.ActiveCfg = Release|Any CPU
		{A0D230FC-801C-49CB-865C-158C4D36EBC8}.Release|iPhone.Build.0 = Release|Any CPU
		{A0D230FC-801C-49CB-865C-158C4D36EBC8}.Release|iPhoneSimulator.ActiveCfg = Release|Any CPU
		{A0D230FC-801C-49CB-865C-158C4D36EBC8}.Release|iPhoneSimulator.Build.0 = Release|Any CPU
		{245D00F3-C58D-42E4-A288-3A893E3E46F9}.Ad-Hoc|Any CPU.ActiveCfg = Release|Any CPU
		{245D00F3-C58D-42E4-A288-3A893E3E46F9}.Ad-Hoc|Any CPU.Build.0 = Release|Any CPU
		{245D00F3-C58D-42E4-A288-3A893E3E46F9}.Ad-Hoc|Any CPU.Deploy.0 = Release|Any CPU
		{245D00F3-C58D-42E4-A288-3A893E3E46F9}.Ad-Hoc|iPhone.ActiveCfg = Release|Any CPU
		{245D00F3-C58D-42E4-A288-3A893E3E46F9}.Ad-Hoc|iPhone.Build.0 = Release|Any CPU
		{245D00F3-C58D-42E4-A288-3A893E3E46F9}.Ad-Hoc|iPhone.Deploy.0 = Release|Any CPU
		{245D00F3-C58D-42E4-A288-3A893E3E46F9}.Ad-Hoc|iPhoneSimulator.ActiveCfg = Release|Any CPU
		{245D00F3-C58D-42E4-A288-3A893E3E46F9}.Ad-Hoc|iPhoneSimulator.Build.0 = Release|Any CPU
		{245D00F3-C58D-42E4-A288-3A893E3E46F9}.Ad-Hoc|iPhoneSimulator.Deploy.0 = Release|Any CPU
		{245D00F3-C58D-42E4-A288-3A893E3E46F9}.AppStore|Any CPU.ActiveCfg = Release|Any CPU
		{245D00F3-C58D-42E4-A288-3A893E3E46F9}.AppStore|Any CPU.Build.0 = Release|Any CPU
		{245D00F3-C58D-42E4-A288-3A893E3E46F9}.AppStore|Any CPU.Deploy.0 = Release|Any CPU
		{245D00F3-C58D-42E4-A288-3A893E3E46F9}.AppStore|iPhone.ActiveCfg = Release|Any CPU
		{245D00F3-C58D-42E4-A288-3A893E3E46F9}.AppStore|iPhone.Build.0 = Release|Any CPU
		{245D00F3-C58D-42E4-A288-3A893E3E46F9}.AppStore|iPhone.Deploy.0 = Release|Any CPU
		{245D00F3-C58D-42E4-A288-3A893E3E46F9}.AppStore|iPhoneSimulator.ActiveCfg = Release|Any CPU
		{245D00F3-C58D-42E4-A288-3A893E3E46F9}.AppStore|iPhoneSimulator.Build.0 = Release|Any CPU
		{245D00F3-C58D-42E4-A288-3A893E3E46F9}.AppStore|iPhoneSimulator.Deploy.0 = Release|Any CPU
		{245D00F3-C58D-42E4-A288-3A893E3E46F9}.Debug|Any CPU.ActiveCfg = Debug|Any CPU
		{245D00F3-C58D-42E4-A288-3A893E3E46F9}.Debug|Any CPU.Build.0 = Debug|Any CPU
		{245D00F3-C58D-42E4-A288-3A893E3E46F9}.Debug|Any CPU.Deploy.0 = Debug|Any CPU
		{245D00F3-C58D-42E4-A288-3A893E3E46F9}.Debug|iPhone.ActiveCfg = Debug|Any CPU
		{245D00F3-C58D-42E4-A288-3A893E3E46F9}.Debug|iPhone.Build.0 = Debug|Any CPU
		{245D00F3-C58D-42E4-A288-3A893E3E46F9}.Debug|iPhone.Deploy.0 = Debug|Any CPU
		{245D00F3-C58D-42E4-A288-3A893E3E46F9}.Debug|iPhoneSimulator.ActiveCfg = Debug|Any CPU
		{245D00F3-C58D-42E4-A288-3A893E3E46F9}.Debug|iPhoneSimulator.Build.0 = Debug|Any CPU
		{245D00F3-C58D-42E4-A288-3A893E3E46F9}.Debug|iPhoneSimulator.Deploy.0 = Debug|Any CPU
		{245D00F3-C58D-42E4-A288-3A893E3E46F9}.Release|Any CPU.ActiveCfg = Release|Any CPU
		{245D00F3-C58D-42E4-A288-3A893E3E46F9}.Release|Any CPU.Build.0 = Release|Any CPU
		{245D00F3-C58D-42E4-A288-3A893E3E46F9}.Release|Any CPU.Deploy.0 = Release|Any CPU
		{245D00F3-C58D-42E4-A288-3A893E3E46F9}.Release|iPhone.ActiveCfg = Release|Any CPU
		{245D00F3-C58D-42E4-A288-3A893E3E46F9}.Release|iPhone.Build.0 = Release|Any CPU
		{245D00F3-C58D-42E4-A288-3A893E3E46F9}.Release|iPhone.Deploy.0 = Release|Any CPU
		{245D00F3-C58D-42E4-A288-3A893E3E46F9}.Release|iPhoneSimulator.ActiveCfg = Release|Any CPU
		{245D00F3-C58D-42E4-A288-3A893E3E46F9}.Release|iPhoneSimulator.Build.0 = Release|Any CPU
		{245D00F3-C58D-42E4-A288-3A893E3E46F9}.Release|iPhoneSimulator.Deploy.0 = Release|Any CPU
		{1DA06E31-58BA-4101-9D2E-C6599D8BED0F}.Ad-Hoc|Any CPU.ActiveCfg = Ad-Hoc|iPhone
		{1DA06E31-58BA-4101-9D2E-C6599D8BED0F}.Ad-Hoc|iPhone.ActiveCfg = Ad-Hoc|iPhone
		{1DA06E31-58BA-4101-9D2E-C6599D8BED0F}.Ad-Hoc|iPhone.Build.0 = Ad-Hoc|iPhone
		{1DA06E31-58BA-4101-9D2E-C6599D8BED0F}.Ad-Hoc|iPhoneSimulator.ActiveCfg = Ad-Hoc|iPhoneSimulator
		{1DA06E31-58BA-4101-9D2E-C6599D8BED0F}.Ad-Hoc|iPhoneSimulator.Build.0 = Ad-Hoc|iPhoneSimulator
		{1DA06E31-58BA-4101-9D2E-C6599D8BED0F}.AppStore|Any CPU.ActiveCfg = AppStore|iPhone
		{1DA06E31-58BA-4101-9D2E-C6599D8BED0F}.AppStore|iPhone.ActiveCfg = AppStore|iPhone
		{1DA06E31-58BA-4101-9D2E-C6599D8BED0F}.AppStore|iPhone.Build.0 = AppStore|iPhone
		{1DA06E31-58BA-4101-9D2E-C6599D8BED0F}.AppStore|iPhoneSimulator.ActiveCfg = AppStore|iPhoneSimulator
		{1DA06E31-58BA-4101-9D2E-C6599D8BED0F}.AppStore|iPhoneSimulator.Build.0 = AppStore|iPhoneSimulator
		{1DA06E31-58BA-4101-9D2E-C6599D8BED0F}.Debug|Any CPU.ActiveCfg = Debug|iPhone
		{1DA06E31-58BA-4101-9D2E-C6599D8BED0F}.Debug|iPhone.ActiveCfg = Debug|iPhone
		{1DA06E31-58BA-4101-9D2E-C6599D8BED0F}.Debug|iPhone.Build.0 = Debug|iPhone
		{1DA06E31-58BA-4101-9D2E-C6599D8BED0F}.Debug|iPhoneSimulator.ActiveCfg = Debug|iPhoneSimulator
		{1DA06E31-58BA-4101-9D2E-C6599D8BED0F}.Debug|iPhoneSimulator.Build.0 = Debug|iPhoneSimulator
		{1DA06E31-58BA-4101-9D2E-C6599D8BED0F}.Release|Any CPU.ActiveCfg = Release|iPhone
		{1DA06E31-58BA-4101-9D2E-C6599D8BED0F}.Release|iPhone.ActiveCfg = Release|iPhone
		{1DA06E31-58BA-4101-9D2E-C6599D8BED0F}.Release|iPhone.Build.0 = Release|iPhone
		{1DA06E31-58BA-4101-9D2E-C6599D8BED0F}.Release|iPhoneSimulator.ActiveCfg = Release|iPhoneSimulator
		{1DA06E31-58BA-4101-9D2E-C6599D8BED0F}.Release|iPhoneSimulator.Build.0 = Release|iPhoneSimulator
		{3ADCE5DE-E5BF-461A-8E35-683F81DF83AE}.Ad-Hoc|Any CPU.ActiveCfg = Debug|Any CPU
		{3ADCE5DE-E5BF-461A-8E35-683F81DF83AE}.Ad-Hoc|Any CPU.Build.0 = Debug|Any CPU
		{3ADCE5DE-E5BF-461A-8E35-683F81DF83AE}.Ad-Hoc|iPhone.ActiveCfg = Debug|Any CPU
		{3ADCE5DE-E5BF-461A-8E35-683F81DF83AE}.Ad-Hoc|iPhone.Build.0 = Debug|Any CPU
		{3ADCE5DE-E5BF-461A-8E35-683F81DF83AE}.Ad-Hoc|iPhoneSimulator.ActiveCfg = Debug|Any CPU
		{3ADCE5DE-E5BF-461A-8E35-683F81DF83AE}.Ad-Hoc|iPhoneSimulator.Build.0 = Debug|Any CPU
		{3ADCE5DE-E5BF-461A-8E35-683F81DF83AE}.AppStore|Any CPU.ActiveCfg = Debug|Any CPU
		{3ADCE5DE-E5BF-461A-8E35-683F81DF83AE}.AppStore|Any CPU.Build.0 = Debug|Any CPU
		{3ADCE5DE-E5BF-461A-8E35-683F81DF83AE}.AppStore|iPhone.ActiveCfg = Debug|Any CPU
		{3ADCE5DE-E5BF-461A-8E35-683F81DF83AE}.AppStore|iPhone.Build.0 = Debug|Any CPU
		{3ADCE5DE-E5BF-461A-8E35-683F81DF83AE}.AppStore|iPhoneSimulator.ActiveCfg = Debug|Any CPU
		{3ADCE5DE-E5BF-461A-8E35-683F81DF83AE}.AppStore|iPhoneSimulator.Build.0 = Debug|Any CPU
		{3ADCE5DE-E5BF-461A-8E35-683F81DF83AE}.Debug|Any CPU.ActiveCfg = Debug|Any CPU
		{3ADCE5DE-E5BF-461A-8E35-683F81DF83AE}.Debug|Any CPU.Build.0 = Debug|Any CPU
		{3ADCE5DE-E5BF-461A-8E35-683F81DF83AE}.Debug|iPhone.ActiveCfg = Debug|Any CPU
		{3ADCE5DE-E5BF-461A-8E35-683F81DF83AE}.Debug|iPhone.Build.0 = Debug|Any CPU
		{3ADCE5DE-E5BF-461A-8E35-683F81DF83AE}.Debug|iPhoneSimulator.ActiveCfg = Debug|Any CPU
		{3ADCE5DE-E5BF-461A-8E35-683F81DF83AE}.Debug|iPhoneSimulator.Build.0 = Debug|Any CPU
		{3ADCE5DE-E5BF-461A-8E35-683F81DF83AE}.Release|Any CPU.ActiveCfg = Release|Any CPU
		{3ADCE5DE-E5BF-461A-8E35-683F81DF83AE}.Release|Any CPU.Build.0 = Release|Any CPU
		{3ADCE5DE-E5BF-461A-8E35-683F81DF83AE}.Release|iPhone.ActiveCfg = Release|Any CPU
		{3ADCE5DE-E5BF-461A-8E35-683F81DF83AE}.Release|iPhone.Build.0 = Release|Any CPU
		{3ADCE5DE-E5BF-461A-8E35-683F81DF83AE}.Release|iPhoneSimulator.ActiveCfg = Release|Any CPU
		{3ADCE5DE-E5BF-461A-8E35-683F81DF83AE}.Release|iPhoneSimulator.Build.0 = Release|Any CPU
	EndGlobalSection
	GlobalSection(SolutionProperties) = preSolution
		HideSolutionNode = FALSE
	EndGlobalSection
	GlobalSection(NestedProjects) = preSolution
		{DB5AB1D1-4F03-408C-BEC6-A64D3677F7BB} = {2CB4010C-8053-4948-8D11-E1AEFBBCD2AB}
		{0234D589-E19E-4053-B6BC-ADB2D3B7EEE7} = {FA6DC839-C434-41D4-995B-DC9367E51765}
		{4C3998B3-91B2-444D-BBB8-F23C7772CD70} = {FA6DC839-C434-41D4-995B-DC9367E51765}
		{A0D230FC-801C-49CB-865C-158C4D36EBC8} = {FA6DC839-C434-41D4-995B-DC9367E51765}
		{245D00F3-C58D-42E4-A288-3A893E3E46F9} = {C6563FCC-C2A2-47B3-9F23-F00F99401F3B}
		{1DA06E31-58BA-4101-9D2E-C6599D8BED0F} = {C6563FCC-C2A2-47B3-9F23-F00F99401F3B}
		{3ADCE5DE-E5BF-461A-8E35-683F81DF83AE} = {C6563FCC-C2A2-47B3-9F23-F00F99401F3B}
	EndGlobalSection
	GlobalSection(ExtensibilityGlobals) = postSolution
		SolutionGuid = {7CA44725-2DFF-4BA4-AC13-A4A1702E3D2C}
	EndGlobalSection
EndGlobal
